
Microsoft Visual Studio Solution File, Format Version 12.00
# Visual Studio 15
VisualStudioVersion = 15.0.27004.2002
MinimumVisualStudioVersion = 10.0.40219.1
Project("{FAE04EC0-301F-11D3-BF4B-00C04F79EFBC}") = "MyBetterCRM", "MyBetterCRM\MyBetterCRM.csproj", "{C74066ED-DFAE-4087-BA7C-499341C64C7A}"
EndProject
Global
	GlobalSection(SolutionConfigurationPlatforms) = preSolution
		Debug|Any CPU = Debug|Any CPU
		Release|Any CPU = Release|Any CPU
	EndGlobalSection
	GlobalSection(ProjectConfigurationPlatforms) = postSolution
		{C74066ED-DFAE-4087-BA7C-499341C64C7A}.Debug|Any CPU.ActiveCfg = Debug|Any CPU
		{C74066ED-DFAE-4087-BA7C-499341C64C7A}.Debug|Any CPU.Build.0 = Debug|Any CPU
		{C74066ED-DFAE-4087-BA7C-499341C64C7A}.Release|Any CPU.ActiveCfg = Release|Any CPU
		{C74066ED-DFAE-4087-BA7C-499341C64C7A}.Release|Any CPU.Build.0 = Release|Any CPU
	EndGlobalSection
	GlobalSection(SolutionProperties) = preSolution
		HideSolutionNode = FALSE
	EndGlobalSection
	GlobalSection(ExtensibilityGlobals) = postSolution
		SolutionGuid = {2435B053-218D-4EF1-89A5-92782378300F}
	EndGlobalSection
EndGlobal
